// !$*UTF8*$!
{
	archiveVersion = 1;
	classes = {
	};
	objectVersion = 55;
	objects = {

/* Begin PBXBuildFile section */
		DE048FD928A493A00017C605 /* MapViewController.swift in Sources */ = {isa = PBXBuildFile; fileRef = DE048FD828A493A00017C605 /* MapViewController.swift */; };
		DE27CCEC28A08FE300E17AE8 /* AppDelegate.swift in Sources */ = {isa = PBXBuildFile; fileRef = DE27CCEB28A08FE300E17AE8 /* AppDelegate.swift */; };
		DE27CCEE28A08FE300E17AE8 /* SceneDelegate.swift in Sources */ = {isa = PBXBuildFile; fileRef = DE27CCED28A08FE300E17AE8 /* SceneDelegate.swift */; };
		DE27CCF028A08FE300E17AE8 /* ViewController.swift in Sources */ = {isa = PBXBuildFile; fileRef = DE27CCEF28A08FE300E17AE8 /* ViewController.swift */; };
		DE27CCF328A08FE300E17AE8 /* Main.storyboard in Resources */ = {isa = PBXBuildFile; fileRef = DE27CCF128A08FE300E17AE8 /* Main.storyboard */; };
		DE27CCF528A08FE400E17AE8 /* Assets.xcassets in Resources */ = {isa = PBXBuildFile; fileRef = DE27CCF428A08FE400E17AE8 /* Assets.xcassets */; };
		DE27CCF828A08FE400E17AE8 /* LaunchScreen.storyboard in Resources */ = {isa = PBXBuildFile; fileRef = DE27CCF628A08FE400E17AE8 /* LaunchScreen.storyboard */; };
		DE27CD0128A0902100E17AE8 /* Kingfisher in Frameworks */ = {isa = PBXBuildFile; productRef = DE27CD0028A0902100E17AE8 /* Kingfisher */; };
		DE27CD0428A0902E00E17AE8 /* Alamofire in Frameworks */ = {isa = PBXBuildFile; productRef = DE27CD0328A0902E00E17AE8 /* Alamofire */; };
		DE27CD0728A0904A00E17AE8 /* SwiftyJSON in Frameworks */ = {isa = PBXBuildFile; productRef = DE27CD0628A0904A00E17AE8 /* SwiftyJSON */; };
		DE27CD0928A090CB00E17AE8 /* .gitignore in Resources */ = {isa = PBXBuildFile; fileRef = DE27CD0828A090CB00E17AE8 /* .gitignore */; };
		DE27CD0B28A0910C00E17AE8 /* APIKey.swift in Sources */ = {isa = PBXBuildFile; fileRef = DE27CD0A28A0910C00E17AE8 /* APIKey.swift */; };
		DE27CD0E28A0949900E17AE8 /* Endpoint.swift in Sources */ = {isa = PBXBuildFile; fileRef = DE27CD0D28A0949900E17AE8 /* Endpoint.swift */; };
		DE27CD1028A0951700E17AE8 /* URL+Extension.swift in Sources */ = {isa = PBXBuildFile; fileRef = DE27CD0F28A0951700E17AE8 /* URL+Extension.swift */; };
		DE27CD1228A0A78600E17AE8 /* KakaoAPIManager.swift in Sources */ = {isa = PBXBuildFile; fileRef = DE27CD1128A0A78600E17AE8 /* KakaoAPIManager.swift */; };
		DE27CD1428A0ABEB00E17AE8 /* ClosureViewController.swift in Sources */ = {isa = PBXBuildFile; fileRef = DE27CD1328A0ABEB00E17AE8 /* ClosureViewController.swift */; };
		DEB8273F28A1E03E00A31BD7 /* SeSACButton.swift in Sources */ = {isa = PBXBuildFile; fileRef = DEB8273E28A1E03E00A31BD7 /* SeSACButton.swift */; };
		DEB8274128A1E60600A31BD7 /* CardView.xib in Resources */ = {isa = PBXBuildFile; fileRef = DEB8274028A1E60600A31BD7 /* CardView.xib */; };
		DEB8274328A1E62C00A31BD7 /* CardView.swift in Sources */ = {isa = PBXBuildFile; fileRef = DEB8274228A1E62C00A31BD7 /* CardView.swift */; };
		DEB8274628A1F37F00A31BD7 /* CardCollectionViewCell.swift in Sources */ = {isa = PBXBuildFile; fileRef = DEB8274428A1F37F00A31BD7 /* CardCollectionViewCell.swift */; };
		DEB8274728A1F37F00A31BD7 /* CardCollectionViewCell.xib in Resources */ = {isa = PBXBuildFile; fileRef = DEB8274528A1F37F00A31BD7 /* CardCollectionViewCell.xib */; };
		DEB8274928A1F63B00A31BD7 /* MainViewController.swift in Sources */ = {isa = PBXBuildFile; fileRef = DEB8274828A1F63B00A31BD7 /* MainViewController.swift */; };
		DEB8274B28A1FC2700A31BD7 /* MainTableViewCell.swift in Sources */ = {isa = PBXBuildFile; fileRef = DEB8274A28A1FC2700A31BD7 /* MainTableViewCell.swift */; };
		DEE0E22128A3307900B77CBC /* ReusableViewProtocol.swift in Sources */ = {isa = PBXBuildFile; fileRef = DEE0E22028A3307900B77CBC /* ReusableViewProtocol.swift */; };
		DEE0E22528A3441700B77CBC /* TMDBAPIManager.swift in Sources */ = {isa = PBXBuildFile; fileRef = DEE0E22428A3441700B77CBC /* TMDBAPIManager.swift */; };
/* End PBXBuildFile section */

/* Begin PBXFileReference section */
		DE048FD828A493A00017C605 /* MapViewController.swift */ = {isa = PBXFileReference; lastKnownFileType = sourcecode.swift; path = MapViewController.swift; sourceTree = "<group>"; };
		DE27CCE828A08FE300E17AE8 /* SeSAC6.app */ = {isa = PBXFileReference; explicitFileType = wrapper.application; includeInIndex = 0; path = SeSAC6.app; sourceTree = BUILT_PRODUCTS_DIR; };
		DE27CCEB28A08FE300E17AE8 /* AppDelegate.swift */ = {isa = PBXFileReference; lastKnownFileType = sourcecode.swift; path = AppDelegate.swift; sourceTree = "<group>"; };
		DE27CCED28A08FE300E17AE8 /* SceneDelegate.swift */ = {isa = PBXFileReference; lastKnownFileType = sourcecode.swift; path = SceneDelegate.swift; sourceTree = "<group>"; };
		DE27CCEF28A08FE300E17AE8 /* ViewController.swift */ = {isa = PBXFileReference; lastKnownFileType = sourcecode.swift; path = ViewController.swift; sourceTree = "<group>"; };
		DE27CCF228A08FE300E17AE8 /* Base */ = {isa = PBXFileReference; lastKnownFileType = file.storyboard; name = Base; path = Base.lproj/Main.storyboard; sourceTree = "<group>"; };
		DE27CCF428A08FE400E17AE8 /* Assets.xcassets */ = {isa = PBXFileReference; lastKnownFileType = folder.assetcatalog; path = Assets.xcassets; sourceTree = "<group>"; };
		DE27CCF728A08FE400E17AE8 /* Base */ = {isa = PBXFileReference; lastKnownFileType = file.storyboard; name = Base; path = Base.lproj/LaunchScreen.storyboard; sourceTree = "<group>"; };
		DE27CCF928A08FE400E17AE8 /* Info.plist */ = {isa = PBXFileReference; lastKnownFileType = text.plist.xml; path = Info.plist; sourceTree = "<group>"; };
		DE27CD0828A090CB00E17AE8 /* .gitignore */ = {isa = PBXFileReference; lastKnownFileType = text; path = .gitignore; sourceTree = "<group>"; };
		DE27CD0A28A0910C00E17AE8 /* APIKey.swift */ = {isa = PBXFileReference; lastKnownFileType = sourcecode.swift; path = APIKey.swift; sourceTree = "<group>"; };
		DE27CD0D28A0949900E17AE8 /* Endpoint.swift */ = {isa = PBXFileReference; lastKnownFileType = sourcecode.swift; path = Endpoint.swift; sourceTree = "<group>"; };
		DE27CD0F28A0951700E17AE8 /* URL+Extension.swift */ = {isa = PBXFileReference; lastKnownFileType = sourcecode.swift; path = "URL+Extension.swift"; sourceTree = "<group>"; };
		DE27CD1128A0A78600E17AE8 /* KakaoAPIManager.swift */ = {isa = PBXFileReference; lastKnownFileType = sourcecode.swift; path = KakaoAPIManager.swift; sourceTree = "<group>"; };
		DE27CD1328A0ABEB00E17AE8 /* ClosureViewController.swift */ = {isa = PBXFileReference; lastKnownFileType = sourcecode.swift; path = ClosureViewController.swift; sourceTree = "<group>"; };
		DEB8273E28A1E03E00A31BD7 /* SeSACButton.swift */ = {isa = PBXFileReference; lastKnownFileType = sourcecode.swift; path = SeSACButton.swift; sourceTree = "<group>"; };
		DEB8274028A1E60600A31BD7 /* CardView.xib */ = {isa = PBXFileReference; lastKnownFileType = file.xib; path = CardView.xib; sourceTree = "<group>"; };
		DEB8274228A1E62C00A31BD7 /* CardView.swift */ = {isa = PBXFileReference; lastKnownFileType = sourcecode.swift; path = CardView.swift; sourceTree = "<group>"; };
		DEB8274428A1F37F00A31BD7 /* CardCollectionViewCell.swift */ = {isa = PBXFileReference; lastKnownFileType = sourcecode.swift; path = CardCollectionViewCell.swift; sourceTree = "<group>"; };
		DEB8274528A1F37F00A31BD7 /* CardCollectionViewCell.xib */ = {isa = PBXFileReference; lastKnownFileType = file.xib; path = CardCollectionViewCell.xib; sourceTree = "<group>"; };
		DEB8274828A1F63B00A31BD7 /* MainViewController.swift */ = {isa = PBXFileReference; lastKnownFileType = sourcecode.swift; name = MainViewController.swift; path = View/MainViewController.swift; sourceTree = "<group>"; };
		DEB8274A28A1FC2700A31BD7 /* MainTableViewCell.swift */ = {isa = PBXFileReference; lastKnownFileType = sourcecode.swift; name = MainTableViewCell.swift; path = SeSAC6/MainTableViewCell.swift; sourceTree = SOURCE_ROOT; };
		DEE0E22028A3307900B77CBC /* ReusableViewProtocol.swift */ = {isa = PBXFileReference; lastKnownFileType = sourcecode.swift; path = ReusableViewProtocol.swift; sourceTree = "<group>"; };
		DEE0E22428A3441700B77CBC /* TMDBAPIManager.swift */ = {isa = PBXFileReference; lastKnownFileType = sourcecode.swift; path = TMDBAPIManager.swift; sourceTree = "<group>"; };
/* End PBXFileReference section */

/* Begin PBXFrameworksBuildPhase section */
		DE27CCE528A08FE300E17AE8 /* Frameworks */ = {
			isa = PBXFrameworksBuildPhase;
			buildActionMask = 2147483647;
			files = (
				DE27CD0728A0904A00E17AE8 /* SwiftyJSON in Frameworks */,
				DE27CD0128A0902100E17AE8 /* Kingfisher in Frameworks */,
				DE27CD0428A0902E00E17AE8 /* Alamofire in Frameworks */,
			);
			runOnlyForDeploymentPostprocessing = 0;
		};
/* End PBXFrameworksBuildPhase section */

/* Begin PBXGroup section */
		DE27CCDF28A08FE300E17AE8 = {
			isa = PBXGroup;
			children = (
				DE27CD0828A090CB00E17AE8 /* .gitignore */,
				DE27CCEA28A08FE300E17AE8 /* SeSAC6 */,
				DE27CCE928A08FE300E17AE8 /* Products */,
			);
			sourceTree = "<group>";
		};
		DE27CCE928A08FE300E17AE8 /* Products */ = {
			isa = PBXGroup;
			children = (
				DE27CCE828A08FE300E17AE8 /* SeSAC6.app */,
			);
			name = Products;
			sourceTree = "<group>";
		};
		DE27CCEA28A08FE300E17AE8 /* SeSAC6 */ = {
			isa = PBXGroup;
			children = (
				DE27CD0A28A0910C00E17AE8 /* APIKey.swift */,
				DE27CD0C28A0948A00E17AE8 /* Network */,
				DE27CCEB28A08FE300E17AE8 /* AppDelegate.swift */,
				DEB8273D28A1DFF800A31BD7 /* View */,
				DE27CCED28A08FE300E17AE8 /* SceneDelegate.swift */,
				DEE0E21F28A3305F00B77CBC /* Protocol */,
				DE27CCEF28A08FE300E17AE8 /* ViewController.swift */,
				DE27CCF128A08FE300E17AE8 /* Main.storyboard */,
				DE048FD828A493A00017C605 /* MapViewController.swift */,
				DEB8274828A1F63B00A31BD7 /* MainViewController.swift */,
				DE27CD1328A0ABEB00E17AE8 /* ClosureViewController.swift */,
				DE27CCF428A08FE400E17AE8 /* Assets.xcassets */,
				DE27CCF628A08FE400E17AE8 /* LaunchScreen.storyboard */,
				DE27CCF928A08FE400E17AE8 /* Info.plist */,
			);
			path = SeSAC6;
			sourceTree = "<group>";
		};
		DE27CD0C28A0948A00E17AE8 /* Network */ = {
			isa = PBXGroup;
			children = (
				DE27CD0D28A0949900E17AE8 /* Endpoint.swift */,
				DE27CD0F28A0951700E17AE8 /* URL+Extension.swift */,
				DE27CD1128A0A78600E17AE8 /* KakaoAPIManager.swift */,
				DEE0E22428A3441700B77CBC /* TMDBAPIManager.swift */,
			);
			path = Network;
			sourceTree = "<group>";
		};
		DEB8273D28A1DFF800A31BD7 /* View */ = {
			isa = PBXGroup;
			children = (
				DEB8274A28A1FC2700A31BD7 /* MainTableViewCell.swift */,
				DEB8273E28A1E03E00A31BD7 /* SeSACButton.swift */,
				DEB8274228A1E62C00A31BD7 /* CardView.swift */,
				DEB8274028A1E60600A31BD7 /* CardView.xib */,
				DEB8274428A1F37F00A31BD7 /* CardCollectionViewCell.swift */,
				DEB8274528A1F37F00A31BD7 /* CardCollectionViewCell.xib */,
			);
			path = View;
			sourceTree = "<group>";
		};
		DEE0E21F28A3305F00B77CBC /* Protocol */ = {
			isa = PBXGroup;
			children = (
				DEE0E22028A3307900B77CBC /* ReusableViewProtocol.swift */,
			);
			path = Protocol;
			sourceTree = "<group>";
		};
/* End PBXGroup section */

/* Begin PBXNativeTarget section */
		DE27CCE728A08FE300E17AE8 /* SeSAC6 */ = {
			isa = PBXNativeTarget;
			buildConfigurationList = DE27CCFC28A08FE400E17AE8 /* Build configuration list for PBXNativeTarget "SeSAC6" */;
			buildPhases = (
				DE27CCE428A08FE300E17AE8 /* Sources */,
				DE27CCE528A08FE300E17AE8 /* Frameworks */,
				DE27CCE628A08FE300E17AE8 /* Resources */,
			);
			buildRules = (
			);
			dependencies = (
			);
			name = SeSAC6;
			packageProductDependencies = (
				DE27CD0028A0902100E17AE8 /* Kingfisher */,
				DE27CD0328A0902E00E17AE8 /* Alamofire */,
				DE27CD0628A0904A00E17AE8 /* SwiftyJSON */,
			);
			productName = SeSAC6;
			productReference = DE27CCE828A08FE300E17AE8 /* SeSAC6.app */;
			productType = "com.apple.product-type.application";
		};
/* End PBXNativeTarget section */

/* Begin PBXProject section */
		DE27CCE028A08FE300E17AE8 /* Project object */ = {
			isa = PBXProject;
			attributes = {
				BuildIndependentTargetsInParallel = 1;
				LastSwiftUpdateCheck = 1330;
				LastUpgradeCheck = 1330;
				TargetAttributes = {
					DE27CCE728A08FE300E17AE8 = {
						CreatedOnToolsVersion = 13.3.1;
					};
				};
			};
			buildConfigurationList = DE27CCE328A08FE300E17AE8 /* Build configuration list for PBXProject "SeSAC6" */;
			compatibilityVersion = "Xcode 13.0";
			developmentRegion = en;
			hasScannedForEncodings = 0;
			knownRegions = (
				en,
				Base,
			);
			mainGroup = DE27CCDF28A08FE300E17AE8;
			packageReferences = (
				DE27CCFF28A0902100E17AE8 /* XCRemoteSwiftPackageReference "Kingfisher" */,
				DE27CD0228A0902E00E17AE8 /* XCRemoteSwiftPackageReference "Alamofire" */,
				DE27CD0528A0904A00E17AE8 /* XCRemoteSwiftPackageReference "SwiftyJSON" */,
			);
			productRefGroup = DE27CCE928A08FE300E17AE8 /* Products */;
			projectDirPath = "";
			projectRoot = "";
			targets = (
				DE27CCE728A08FE300E17AE8 /* SeSAC6 */,
			);
		};
/* End PBXProject section */

/* Begin PBXResourcesBuildPhase section */
		DE27CCE628A08FE300E17AE8 /* Resources */ = {
			isa = PBXResourcesBuildPhase;
			buildActionMask = 2147483647;
			files = (
				DE27CD0928A090CB00E17AE8 /* .gitignore in Resources */,
				DE27CCF828A08FE400E17AE8 /* LaunchScreen.storyboard in Resources */,
				DEB8274128A1E60600A31BD7 /* CardView.xib in Resources */,
				DE27CCF528A08FE400E17AE8 /* Assets.xcassets in Resources */,
				DEB8274728A1F37F00A31BD7 /* CardCollectionViewCell.xib in Resources */,
				DE27CCF328A08FE300E17AE8 /* Main.storyboard in Resources */,
			);
			runOnlyForDeploymentPostprocessing = 0;
		};
/* End PBXResourcesBuildPhase section */

/* Begin PBXSourcesBuildPhase section */
		DE27CCE428A08FE300E17AE8 /* Sources */ = {
			isa = PBXSourcesBuildPhase;
			buildActionMask = 2147483647;
			files = (
				DEB8274B28A1FC2700A31BD7 /* MainTableViewCell.swift in Sources */,
				DE27CCF028A08FE300E17AE8 /* ViewController.swift in Sources */,
				DE27CCEC28A08FE300E17AE8 /* AppDelegate.swift in Sources */,
				DE27CD1428A0ABEB00E17AE8 /* ClosureViewController.swift in Sources */,
				DEB8274928A1F63B00A31BD7 /* MainViewController.swift in Sources */,
				DEB8274628A1F37F00A31BD7 /* CardCollectionViewCell.swift in Sources */,
				DE27CD0B28A0910C00E17AE8 /* APIKey.swift in Sources */,
				DEB8274328A1E62C00A31BD7 /* CardView.swift in Sources */,
				DE27CCEE28A08FE300E17AE8 /* SceneDelegate.swift in Sources */,
				DEB8273F28A1E03E00A31BD7 /* SeSACButton.swift in Sources */,
				DE27CD1228A0A78600E17AE8 /* KakaoAPIManager.swift in Sources */,
				DEE0E22128A3307900B77CBC /* ReusableViewProtocol.swift in Sources */,
				DE27CD0E28A0949900E17AE8 /* Endpoint.swift in Sources */,
				DEE0E22528A3441700B77CBC /* TMDBAPIManager.swift in Sources */,
				DE27CD1028A0951700E17AE8 /* URL+Extension.swift in Sources */,
				DE048FD928A493A00017C605 /* MapViewController.swift in Sources */,
			);
			runOnlyForDeploymentPostprocessing = 0;
		};
/* End PBXSourcesBuildPhase section */

/* Begin PBXVariantGroup section */
		DE27CCF128A08FE300E17AE8 /* Main.storyboard */ = {
			isa = PBXVariantGroup;
			children = (
				DE27CCF228A08FE300E17AE8 /* Base */,
			);
			name = Main.storyboard;
			sourceTree = "<group>";
		};
		DE27CCF628A08FE400E17AE8 /* LaunchScreen.storyboard */ = {
			isa = PBXVariantGroup;
			children = (
				DE27CCF728A08FE400E17AE8 /* Base */,
			);
			name = LaunchScreen.storyboard;
			sourceTree = "<group>";
		};
/* End PBXVariantGroup section */

/* Begin XCBuildConfiguration section */
		DE27CCFA28A08FE400E17AE8 /* Debug */ = {
			isa = XCBuildConfiguration;
			buildSettings = {
				ALWAYS_SEARCH_USER_PATHS = NO;
				CLANG_ANALYZER_NONNULL = YES;
				CLANG_ANALYZER_NUMBER_OBJECT_CONVERSION = YES_AGGRESSIVE;
				CLANG_CXX_LANGUAGE_STANDARD = "gnu++17";
				CLANG_ENABLE_MODULES = YES;
				CLANG_ENABLE_OBJC_ARC = YES;
				CLANG_ENABLE_OBJC_WEAK = YES;
				CLANG_WARN_BLOCK_CAPTURE_AUTORELEASING = YES;
				CLANG_WARN_BOOL_CONVERSION = YES;
				CLANG_WARN_COMMA = YES;
				CLANG_WARN_CONSTANT_CONVERSION = YES;
				CLANG_WARN_DEPRECATED_OBJC_IMPLEMENTATIONS = YES;
				CLANG_WARN_DIRECT_OBJC_ISA_USAGE = YES_ERROR;
				CLANG_WARN_DOCUMENTATION_COMMENTS = YES;
				CLANG_WARN_EMPTY_BODY = YES;
				CLANG_WARN_ENUM_CONVERSION = YES;
				CLANG_WARN_INFINITE_RECURSION = YES;
				CLANG_WARN_INT_CONVERSION = YES;
				CLANG_WARN_NON_LITERAL_NULL_CONVERSION = YES;
				CLANG_WARN_OBJC_IMPLICIT_RETAIN_SELF = YES;
				CLANG_WARN_OBJC_LITERAL_CONVERSION = YES;
				CLANG_WARN_OBJC_ROOT_CLASS = YES_ERROR;
				CLANG_WARN_QUOTED_INCLUDE_IN_FRAMEWORK_HEADER = YES;
				CLANG_WARN_RANGE_LOOP_ANALYSIS = YES;
				CLANG_WARN_STRICT_PROTOTYPES = YES;
				CLANG_WARN_SUSPICIOUS_MOVE = YES;
				CLANG_WARN_UNGUARDED_AVAILABILITY = YES_AGGRESSIVE;
				CLANG_WARN_UNREACHABLE_CODE = YES;
				CLANG_WARN__DUPLICATE_METHOD_MATCH = YES;
				COPY_PHASE_STRIP = NO;
				DEBUG_INFORMATION_FORMAT = dwarf;
				ENABLE_STRICT_OBJC_MSGSEND = YES;
				ENABLE_TESTABILITY = YES;
				GCC_C_LANGUAGE_STANDARD = gnu11;
				GCC_DYNAMIC_NO_PIC = NO;
				GCC_NO_COMMON_BLOCKS = YES;
				GCC_OPTIMIZATION_LEVEL = 0;
				GCC_PREPROCESSOR_DEFINITIONS = (
					"DEBUG=1",
					"$(inherited)",
				);
				GCC_WARN_64_TO_32_BIT_CONVERSION = YES;
				GCC_WARN_ABOUT_RETURN_TYPE = YES_ERROR;
				GCC_WARN_UNDECLARED_SELECTOR = YES;
				GCC_WARN_UNINITIALIZED_AUTOS = YES_AGGRESSIVE;
				GCC_WARN_UNUSED_FUNCTION = YES;
				GCC_WARN_UNUSED_VARIABLE = YES;
				IPHONEOS_DEPLOYMENT_TARGET = 15.0;
				MTL_ENABLE_DEBUG_INFO = INCLUDE_SOURCE;
				MTL_FAST_MATH = YES;
				ONLY_ACTIVE_ARCH = YES;
				SDKROOT = iphoneos;
				SWIFT_ACTIVE_COMPILATION_CONDITIONS = DEBUG;
				SWIFT_OPTIMIZATION_LEVEL = "-Onone";
			};
			name = Debug;
		};
		DE27CCFB28A08FE400E17AE8 /* Release */ = {
			isa = XCBuildConfiguration;
			buildSettings = {
				ALWAYS_SEARCH_USER_PATHS = NO;
				CLANG_ANALYZER_NONNULL = YES;
				CLANG_ANALYZER_NUMBER_OBJECT_CONVERSION = YES_AGGRESSIVE;
				CLANG_CXX_LANGUAGE_STANDARD = "gnu++17";
				CLANG_ENABLE_MODULES = YES;
				CLANG_ENABLE_OBJC_ARC = YES;
				CLANG_ENABLE_OBJC_WEAK = YES;
				CLANG_WARN_BLOCK_CAPTURE_AUTORELEASING = YES;
				CLANG_WARN_BOOL_CONVERSION = YES;
				CLANG_WARN_COMMA = YES;
				CLANG_WARN_CONSTANT_CONVERSION = YES;
				CLANG_WARN_DEPRECATED_OBJC_IMPLEMENTATIONS = YES;
				CLANG_WARN_DIRECT_OBJC_ISA_USAGE = YES_ERROR;
				CLANG_WARN_DOCUMENTATION_COMMENTS = YES;
				CLANG_WARN_EMPTY_BODY = YES;
				CLANG_WARN_ENUM_CONVERSION = YES;
				CLANG_WARN_INFINITE_RECURSION = YES;
				CLANG_WARN_INT_CONVERSION = YES;
				CLANG_WARN_NON_LITERAL_NULL_CONVERSION = YES;
				CLANG_WARN_OBJC_IMPLICIT_RETAIN_SELF = YES;
				CLANG_WARN_OBJC_LITERAL_CONVERSION = YES;
				CLANG_WARN_OBJC_ROOT_CLASS = YES_ERROR;
				CLANG_WARN_QUOTED_INCLUDE_IN_FRAMEWORK_HEADER = YES;
				CLANG_WARN_RANGE_LOOP_ANALYSIS = YES;
				CLANG_WARN_STRICT_PROTOTYPES = YES;
				CLANG_WARN_SUSPICIOUS_MOVE = YES;
				CLANG_WARN_UNGUARDED_AVAILABILITY = YES_AGGRESSIVE;
				CLANG_WARN_UNREACHABLE_CODE = YES;
				CLANG_WARN__DUPLICATE_METHOD_MATCH = YES;
				COPY_PHASE_STRIP = NO;
				DEBUG_INFORMATION_FORMAT = "dwarf-with-dsym";
				ENABLE_NS_ASSERTIONS = NO;
				ENABLE_STRICT_OBJC_MSGSEND = YES;
				GCC_C_LANGUAGE_STANDARD = gnu11;
				GCC_NO_COMMON_BLOCKS = YES;
				GCC_WARN_64_TO_32_BIT_CONVERSION = YES;
				GCC_WARN_ABOUT_RETURN_TYPE = YES_ERROR;
				GCC_WARN_UNDECLARED_SELECTOR = YES;
				GCC_WARN_UNINITIALIZED_AUTOS = YES_AGGRESSIVE;
				GCC_WARN_UNUSED_FUNCTION = YES;
				GCC_WARN_UNUSED_VARIABLE = YES;
				IPHONEOS_DEPLOYMENT_TARGET = 15.0;
				MTL_ENABLE_DEBUG_INFO = NO;
				MTL_FAST_MATH = YES;
				SDKROOT = iphoneos;
				SWIFT_COMPILATION_MODE = wholemodule;
				SWIFT_OPTIMIZATION_LEVEL = "-O";
				VALIDATE_PRODUCT = YES;
			};
			name = Release;
		};
		DE27CCFD28A08FE400E17AE8 /* Debug */ = {
			isa = XCBuildConfiguration;
			buildSettings = {
				ASSETCATALOG_COMPILER_APPICON_NAME = AppIcon;
				ASSETCATALOG_COMPILER_GLOBAL_ACCENT_COLOR_NAME = AccentColor;
				CODE_SIGN_STYLE = Automatic;
				CURRENT_PROJECT_VERSION = 1;
				DEVELOPMENT_TEAM = DV7XBU83N5;
				GENERATE_INFOPLIST_FILE = YES;
				INFOPLIST_FILE = SeSAC6/Info.plist;
				INFOPLIST_KEY_UIApplicationSupportsIndirectInputEvents = YES;
				INFOPLIST_KEY_UILaunchStoryboardName = LaunchScreen;
				INFOPLIST_KEY_UIMainStoryboardFile = Main;
				INFOPLIST_KEY_UISupportedInterfaceOrientations_iPad = "UIInterfaceOrientationPortrait UIInterfaceOrientationPortraitUpsideDown UIInterfaceOrientationLandscapeLeft UIInterfaceOrientationLandscapeRight";
				INFOPLIST_KEY_UISupportedInterfaceOrientations_iPhone = "UIInterfaceOrientationPortrait UIInterfaceOrientationLandscapeLeft UIInterfaceOrientationLandscapeRight";
				LD_RUNPATH_SEARCH_PATHS = (
					"$(inherited)",
					"@executable_path/Frameworks",
				);
				MARKETING_VERSION = 1.0;
				PRODUCT_BUNDLE_IDENTIFIER = com.sesac.SeSAC6;
				PRODUCT_NAME = "$(TARGET_NAME)";
				SWIFT_EMIT_LOC_STRINGS = YES;
				SWIFT_VERSION = 5.0;
				TARGETED_DEVICE_FAMILY = "1,2";
			};
			name = Debug;
		};
		DE27CCFE28A08FE400E17AE8 /* Release */ = {
			isa = XCBuildConfiguration;
			buildSettings = {
				ASSETCATALOG_COMPILER_APPICON_NAME = AppIcon;
				ASSETCATALOG_COMPILER_GLOBAL_ACCENT_COLOR_NAME = AccentColor;
				CODE_SIGN_STYLE = Automatic;
				CURRENT_PROJECT_VERSION = 1;
				DEVELOPMENT_TEAM = DV7XBU83N5;
				GENERATE_INFOPLIST_FILE = YES;
				INFOPLIST_FILE = SeSAC6/Info.plist;
				INFOPLIST_KEY_UIApplicationSupportsIndirectInputEvents = YES;
				INFOPLIST_KEY_UILaunchStoryboardName = LaunchScreen;
				INFOPLIST_KEY_UIMainStoryboardFile = Main;
				INFOPLIST_KEY_UISupportedInterfaceOrientations_iPad = "UIInterfaceOrientationPortrait UIInterfaceOrientationPortraitUpsideDown UIInterfaceOrientationLandscapeLeft UIInterfaceOrientationLandscapeRight";
				INFOPLIST_KEY_UISupportedInterfaceOrientations_iPhone = "UIInterfaceOrientationPortrait UIInterfaceOrientationLandscapeLeft UIInterfaceOrientationLandscapeRight";
				LD_RUNPATH_SEARCH_PATHS = (
					"$(inherited)",
					"@executable_path/Frameworks",
				);
				MARKETING_VERSION = 1.0;
				PRODUCT_BUNDLE_IDENTIFIER = com.sesac.SeSAC6;
				PRODUCT_NAME = "$(TARGET_NAME)";
				SWIFT_EMIT_LOC_STRINGS = YES;
				SWIFT_VERSION = 5.0;
				TARGETED_DEVICE_FAMILY = "1,2";
			};
			name = Release;
		};
/* End XCBuildConfiguration section */

/* Begin XCConfigurationList section */
		DE27CCE328A08FE300E17AE8 /* Build configuration list for PBXProject "SeSAC6" */ = {
			isa = XCConfigurationList;
			buildConfigurations = (
				DE27CCFA28A08FE400E17AE8 /* Debug */,
				DE27CCFB28A08FE400E17AE8 /* Release */,
			);
			defaultConfigurationIsVisible = 0;
			defaultConfigurationName = Release;
		};
		DE27CCFC28A08FE400E17AE8 /* Build configuration list for PBXNativeTarget "SeSAC6" */ = {
			isa = XCConfigurationList;
			buildConfigurations = (
				DE27CCFD28A08FE400E17AE8 /* Debug */,
				DE27CCFE28A08FE400E17AE8 /* Release */,
			);
			defaultConfigurationIsVisible = 0;
			defaultConfigurationName = Release;
		};
/* End XCConfigurationList section */

/* Begin XCRemoteSwiftPackageReference section */
		DE27CCFF28A0902100E17AE8 /* XCRemoteSwiftPackageReference "Kingfisher" */ = {
			isa = XCRemoteSwiftPackageReference;
			repositoryURL = "https://github.com/onevcat/Kingfisher.git";
			requirement = {
				kind = upToNextMajorVersion;
				minimumVersion = 7.0.0;
			};
		};
		DE27CD0228A0902E00E17AE8 /* XCRemoteSwiftPackageReference "Alamofire" */ = {
			isa = XCRemoteSwiftPackageReference;
			repositoryURL = "https://github.com/Alamofire/Alamofire.git";
			requirement = {
				kind = upToNextMajorVersion;
				minimumVersion = 5.0.0;
			};
		};
		DE27CD0528A0904A00E17AE8 /* XCRemoteSwiftPackageReference "SwiftyJSON" */ = {
			isa = XCRemoteSwiftPackageReference;
			repositoryURL = "https://github.com/SwiftyJSON/SwiftyJSON.git";
			requirement = {
				kind = upToNextMajorVersion;
				minimumVersion = 5.0.0;
			};
		};
/* End XCRemoteSwiftPackageReference section */

/* Begin XCSwiftPackageProductDependency section */
		DE27CD0028A0902100E17AE8 /* Kingfisher */ = {
			isa = XCSwiftPackageProductDependency;
			package = DE27CCFF28A0902100E17AE8 /* XCRemoteSwiftPackageReference "Kingfisher" */;
			productName = Kingfisher;
		};
		DE27CD0328A0902E00E17AE8 /* Alamofire */ = {
			isa = XCSwiftPackageProductDependency;
			package = DE27CD0228A0902E00E17AE8 /* XCRemoteSwiftPackageReference "Alamofire" */;
			productName = Alamofire;
		};
		DE27CD0628A0904A00E17AE8 /* SwiftyJSON */ = {
			isa = XCSwiftPackageProductDependency;
			package = DE27CD0528A0904A00E17AE8 /* XCRemoteSwiftPackageReference "SwiftyJSON" */;
			productName = SwiftyJSON;
		};
/* End XCSwiftPackageProductDependency section */
	};
	rootObject = DE27CCE028A08FE300E17AE8 /* Project object */;
}
